
Microsoft Visual Studio Solution File, Format Version 12.00
Project("{FAE04EC0-301F-11D3-BF4B-00C04F79EFBC}") = "aniList-cli", "aniList-cli.csproj", "{C55DDD61-E4E4-4D00-8EBD-82FE7E28397A}"
EndProject
Global
	GlobalSection(SolutionConfigurationPlatforms) = preSolution
		Debug|Any CPU = Debug|Any CPU
		Release|Any CPU = Release|Any CPU
	EndGlobalSection
	GlobalSection(ProjectConfigurationPlatforms) = postSolution
		{C55DDD61-E4E4-4D00-8EBD-82FE7E28397A}.Debug|Any CPU.ActiveCfg = Debug|Any CPU
		{C55DDD61-E4E4-4D00-8EBD-82FE7E28397A}.Debug|Any CPU.Build.0 = Debug|Any CPU
		{C55DDD61-E4E4-4D00-8EBD-82FE7E28397A}.Release|Any CPU.ActiveCfg = Release|Any CPU
		{C55DDD61-E4E4-4D00-8EBD-82FE7E28397A}.Release|Any CPU.Build.0 = Release|Any CPU
	EndGlobalSection
EndGlobal
